
Microsoft Visual Studio Solution File, Format Version 12.00
# Visual Studio Version 17
VisualStudioVersion = 17.2.32616.157
MinimumVisualStudioVersion = 10.0.40219.1
Project("{FAE04EC0-301F-11D3-BF4B-00C04F79EFBC}") = "Example", "Example\Example.csproj", "{DC018E96-928E-489B-ABF5-5A8E8DCD860D}"
EndProject
Global
	GlobalSection(SolutionConfigurationPlatforms) = preSolution
		Debug|Any CPU = Debug|Any CPU
		Release|Any CPU = Release|Any CPU
	EndGlobalSection
	GlobalSection(ProjectConfigurationPlatforms) = postSolution
		{DC018E96-928E-489B-ABF5-5A8E8DCD860D}.Debug|Any CPU.ActiveCfg = Debug|Any CPU
		{DC018E96-928E-489B-ABF5-5A8E8DCD860D}.Debug|Any CPU.Build.0 = Debug|Any CPU
		{DC018E96-928E-489B-ABF5-5A8E8DCD860D}.Release|Any CPU.ActiveCfg = Release|Any CPU
		{DC018E96-928E-489B-ABF5-5A8E8DCD860D}.Release|Any CPU.Build.0 = Release|Any CPU
	EndGlobalSection
	GlobalSection(SolutionProperties) = preSolution
		HideSolutionNode = FALSE
	EndGlobalSection
	GlobalSection(ExtensibilityGlobals) = postSolution
		SolutionGuid = {06025A48-2834-4281-BCCE-8FC3A4EBA950}
	EndGlobalSection
EndGlobal
